
Microsoft Visual Studio Solution File, Format Version 12.00
# Visual Studio Version 17
VisualStudioVersion = 17.0.32112.339
MinimumVisualStudioVersion = 10.0.40219.1
Project("{9A19103F-16F7-4668-BE54-9A1E7A4F7556}") = "WebApiCore", "WebApiCore\WebApiCore.csproj", "{F055BAF3-DD08-4071-AAF5-3FDF1DB4A803}"
EndProject
Project("{9A19103F-16F7-4668-BE54-9A1E7A4F7556}") = "WebApiTest", "WebApiTest\WebApiTest.csproj", "{2EFBFD0A-50ED-4DCD-B971-A60F7C1EC850}"
EndProject
Project("{FAE04EC0-301F-11D3-BF4B-00C04F79EFBC}") = "PaswordGenerate.Web", "PaswordGenerate.Web\PaswordGenerate.Web.csproj", "{F239CA01-5BE7-4526-A0D0-6846B7665417}"
EndProject
Project("{FAE04EC0-301F-11D3-BF4B-00C04F79EFBC}") = "PaswordGenerate.DataModels", "PaswordGenerate.DataModels\PaswordGenerate.DataModels.csproj", "{43D7669F-2871-4818-81AA-D77E69C480BF}"
EndProject
Global
	GlobalSection(SolutionConfigurationPlatforms) = preSolution
		Debug|Any CPU = Debug|Any CPU
		Release|Any CPU = Release|Any CPU
	EndGlobalSection
	GlobalSection(ProjectConfigurationPlatforms) = postSolution
		{F055BAF3-DD08-4071-AAF5-3FDF1DB4A803}.Debug|Any CPU.ActiveCfg = Debug|Any CPU
		{F055BAF3-DD08-4071-AAF5-3FDF1DB4A803}.Debug|Any CPU.Build.0 = Debug|Any CPU
		{F055BAF3-DD08-4071-AAF5-3FDF1DB4A803}.Release|Any CPU.ActiveCfg = Release|Any CPU
		{F055BAF3-DD08-4071-AAF5-3FDF1DB4A803}.Release|Any CPU.Build.0 = Release|Any CPU
		{2EFBFD0A-50ED-4DCD-B971-A60F7C1EC850}.Debug|Any CPU.ActiveCfg = Debug|Any CPU
		{2EFBFD0A-50ED-4DCD-B971-A60F7C1EC850}.Debug|Any CPU.Build.0 = Debug|Any CPU
		{2EFBFD0A-50ED-4DCD-B971-A60F7C1EC850}.Release|Any CPU.ActiveCfg = Release|Any CPU
		{2EFBFD0A-50ED-4DCD-B971-A60F7C1EC850}.Release|Any CPU.Build.0 = Release|Any CPU
		{F239CA01-5BE7-4526-A0D0-6846B7665417}.Debug|Any CPU.ActiveCfg = Debug|Any CPU
		{F239CA01-5BE7-4526-A0D0-6846B7665417}.Debug|Any CPU.Build.0 = Debug|Any CPU
		{F239CA01-5BE7-4526-A0D0-6846B7665417}.Release|Any CPU.ActiveCfg = Release|Any CPU
		{F239CA01-5BE7-4526-A0D0-6846B7665417}.Release|Any CPU.Build.0 = Release|Any CPU
		{43D7669F-2871-4818-81AA-D77E69C480BF}.Debug|Any CPU.ActiveCfg = Debug|Any CPU
		{43D7669F-2871-4818-81AA-D77E69C480BF}.Debug|Any CPU.Build.0 = Debug|Any CPU
		{43D7669F-2871-4818-81AA-D77E69C480BF}.Release|Any CPU.ActiveCfg = Release|Any CPU
		{43D7669F-2871-4818-81AA-D77E69C480BF}.Release|Any CPU.Build.0 = Release|Any CPU
	EndGlobalSection
	GlobalSection(SolutionProperties) = preSolution
		HideSolutionNode = FALSE
	EndGlobalSection
	GlobalSection(ExtensibilityGlobals) = postSolution
		SolutionGuid = {3D278274-617E-4970-9383-CA2ED5A43139}
	EndGlobalSection
EndGlobal
